
Microsoft Visual Studio Solution File, Format Version 12.00
# Visual Studio Version 17
VisualStudioVersion = 17.3.32819.101
MinimumVisualStudioVersion = 10.0.40219.1
Project("{8BC9CEB8-8B4A-11D0-8D11-00A0C91BC942}") = "20220901_圆柱表面积", "20220901_圆柱表面积\20220901_圆柱表面积.vcxproj", "{5C71015B-A782-457F-B29E-FA291A03660A}"
EndProject
Global
	GlobalSection(SolutionConfigurationPlatforms) = preSolution
		Debug|x64 = Debug|x64
		Debug|x86 = Debug|x86
		Release|x64 = Release|x64
		Release|x86 = Release|x86
	EndGlobalSection
	GlobalSection(ProjectConfigurationPlatforms) = postSolution
		{5C71015B-A782-457F-B29E-FA291A03660A}.Debug|x64.ActiveCfg = Debug|x64
		{5C71015B-A782-457F-B29E-FA291A03660A}.Debug|x64.Build.0 = Debug|x64
		{5C71015B-A782-457F-B29E-FA291A03660A}.Debug|x86.ActiveCfg = Debug|Win32
		{5C71015B-A782-457F-B29E-FA291A03660A}.Debug|x86.Build.0 = Debug|Win32
		{5C71015B-A782-457F-B29E-FA291A03660A}.Release|x64.ActiveCfg = Release|x64
		{5C71015B-A782-457F-B29E-FA291A03660A}.Release|x64.Build.0 = Release|x64
		{5C71015B-A782-457F-B29E-FA291A03660A}.Release|x86.ActiveCfg = Release|Win32
		{5C71015B-A782-457F-B29E-FA291A03660A}.Release|x86.Build.0 = Release|Win32
	EndGlobalSection
	GlobalSection(SolutionProperties) = preSolution
		HideSolutionNode = FALSE
	EndGlobalSection
	GlobalSection(ExtensibilityGlobals) = postSolution
		SolutionGuid = {AA75557D-4CF7-4C1B-B4FC-D246B61CAC9F}
	EndGlobalSection
EndGlobal
