
Microsoft Visual Studio Solution File, Format Version 12.00
# Visual Studio Version 17
VisualStudioVersion = 17.3.32819.101
MinimumVisualStudioVersion = 10.0.40219.1
Project("{8BC9CEB8-8B4A-11D0-8D11-00A0C91BC942}") = "20220902_鸡兔同笼", "20220902_鸡兔同笼\20220902_鸡兔同笼.vcxproj", "{B67065F0-28B0-491E-9D57-9C2E6020740A}"
EndProject
Global
	GlobalSection(SolutionConfigurationPlatforms) = preSolution
		Debug|x64 = Debug|x64
		Debug|x86 = Debug|x86
		Release|x64 = Release|x64
		Release|x86 = Release|x86
	EndGlobalSection
	GlobalSection(ProjectConfigurationPlatforms) = postSolution
		{B67065F0-28B0-491E-9D57-9C2E6020740A}.Debug|x64.ActiveCfg = Debug|x64
		{B67065F0-28B0-491E-9D57-9C2E6020740A}.Debug|x64.Build.0 = Debug|x64
		{B67065F0-28B0-491E-9D57-9C2E6020740A}.Debug|x86.ActiveCfg = Debug|Win32
		{B67065F0-28B0-491E-9D57-9C2E6020740A}.Debug|x86.Build.0 = Debug|Win32
		{B67065F0-28B0-491E-9D57-9C2E6020740A}.Release|x64.ActiveCfg = Release|x64
		{B67065F0-28B0-491E-9D57-9C2E6020740A}.Release|x64.Build.0 = Release|x64
		{B67065F0-28B0-491E-9D57-9C2E6020740A}.Release|x86.ActiveCfg = Release|Win32
		{B67065F0-28B0-491E-9D57-9C2E6020740A}.Release|x86.Build.0 = Release|Win32
	EndGlobalSection
	GlobalSection(SolutionProperties) = preSolution
		HideSolutionNode = FALSE
	EndGlobalSection
	GlobalSection(ExtensibilityGlobals) = postSolution
		SolutionGuid = {A3D67DF1-EAAC-4DFF-B7C0-DADA2E5FD3BA}
	EndGlobalSection
EndGlobal
