
Microsoft Visual Studio Solution File, Format Version 12.00
# Visual Studio Version 17
VisualStudioVersion = 17.3.32819.101
MinimumVisualStudioVersion = 10.0.40219.1
Project("{8BC9CEB8-8B4A-11D0-8D11-00A0C91BC942}") = "20220906_一元二次方程的解II", "20220906_一元二次方程的解II\20220906_一元二次方程的解II.vcxproj", "{867B6B03-CEBE-4609-A1B9-0A09A3B78A94}"
EndProject
Global
	GlobalSection(SolutionConfigurationPlatforms) = preSolution
		Debug|x64 = Debug|x64
		Debug|x86 = Debug|x86
		Release|x64 = Release|x64
		Release|x86 = Release|x86
	EndGlobalSection
	GlobalSection(ProjectConfigurationPlatforms) = postSolution
		{867B6B03-CEBE-4609-A1B9-0A09A3B78A94}.Debug|x64.ActiveCfg = Debug|x64
		{867B6B03-CEBE-4609-A1B9-0A09A3B78A94}.Debug|x64.Build.0 = Debug|x64
		{867B6B03-CEBE-4609-A1B9-0A09A3B78A94}.Debug|x86.ActiveCfg = Debug|Win32
		{867B6B03-CEBE-4609-A1B9-0A09A3B78A94}.Debug|x86.Build.0 = Debug|Win32
		{867B6B03-CEBE-4609-A1B9-0A09A3B78A94}.Release|x64.ActiveCfg = Release|x64
		{867B6B03-CEBE-4609-A1B9-0A09A3B78A94}.Release|x64.Build.0 = Release|x64
		{867B6B03-CEBE-4609-A1B9-0A09A3B78A94}.Release|x86.ActiveCfg = Release|Win32
		{867B6B03-CEBE-4609-A1B9-0A09A3B78A94}.Release|x86.Build.0 = Release|Win32
	EndGlobalSection
	GlobalSection(SolutionProperties) = preSolution
		HideSolutionNode = FALSE
	EndGlobalSection
	GlobalSection(ExtensibilityGlobals) = postSolution
		SolutionGuid = {FE190258-4E13-4596-8EEB-C4B9B1C20508}
	EndGlobalSection
EndGlobal
